{
  "name": "javacafe-effective-typescript-study",
  "version": "1.0.0",
  "lockfileVersion": 3,
  "requires": true,
  "packages": {
    "": {
      "name": "javacafe-effective-typescript-study",
      "version": "1.0.0",
      "license": "ISC",
      "dependencies": {
        "lodash": "^4.17.21"
      },
      "devDependencies": {
        "@types/lodash": "^4.14.202",
        "ts-essentials": "^9.4.1"
      }
    },
    "node_modules/@types/lodash": {
      "version": "4.14.202",
      "resolved": "https://registry.npmjs.org/@types/lodash/-/lodash-4.14.202.tgz",
      "integrity": "sha512-OvlIYQK9tNneDlS0VN54LLd5uiPCBOp7gS5Z0f1mjoJYBrtStzgmJBxONW3U6OZqdtNzZPmn9BS/7WI7BFFcFQ==",
      "dev": true
    },
    "node_modules/lodash": {
      "version": "4.17.21",
      "resolved": "https://registry.npmjs.org/lodash/-/lodash-4.17.21.tgz",
      "integrity": "sha512-v2kDEe57lecTulaDIuNTPy3Ry4gLGJ6Z1O3vE1krgXZNrsQ+LFTGHVxVjcXPs17LhbZVGedAJv8XZ1tvj5FvSg=="
    },
    "node_modules/ts-essentials": {
      "version": "9.4.1",
      "resolved": "https://registry.npmjs.org/ts-essentials/-/ts-essentials-9.4.1.tgz",
      "integrity": "sha512-oke0rI2EN9pzHsesdmrOrnqv1eQODmJpd/noJjwj2ZPC3Z4N2wbjrOEqnsEgmvlO2+4fBb0a794DCna2elEVIQ==",
      "dev": true,
      "peerDependencies": {
        "typescript": ">=4.1.0"
      },
      "peerDependenciesMeta": {
        "typescript": {
          "optional": true
        }
      }
    }
  }
}
