{
  "name": "javacafe-effective-typescript-study",
  "version": "1.0.0",
  "lockfileVersion": 3,
  "requires": true,
  "packages": {
    "": {
      "name": "javacafe-effective-typescript-study",
      "version": "1.0.0",
      "license": "ISC",
      "devDependencies": {
        "ts-essentials": "^9.4.1"
      }
    },
    "node_modules/ts-essentials": {
      "version": "9.4.1",
      "resolved": "https://registry.npmjs.org/ts-essentials/-/ts-essentials-9.4.1.tgz",
      "integrity": "sha512-oke0rI2EN9pzHsesdmrOrnqv1eQODmJpd/noJjwj2ZPC3Z4N2wbjrOEqnsEgmvlO2+4fBb0a794DCna2elEVIQ==",
      "dev": true,
      "peerDependencies": {
        "typescript": ">=4.1.0"
      },
      "peerDependenciesMeta": {
        "typescript": {
          "optional": true
        }
      }
    }
  }
}
